
Microsoft Visual Studio Solution File, Format Version 12.00
# Visual Studio Version 17
VisualStudioVersion = 17.9.34728.123
MinimumVisualStudioVersion = 10.0.40219.1
Project("{FAE04EC0-301F-11D3-BF4B-00C04F79EFBC}") = "BE-Card", "BE-Card\BE-Card.csproj", "{82FF28C0-3BC5-4AFF-A7FF-15D3C87B0FBB}"
EndProject
Global
	GlobalSection(SolutionConfigurationPlatforms) = preSolution
		Debug|Any CPU = Debug|Any CPU
		Release|Any CPU = Release|Any CPU
	EndGlobalSection
	GlobalSection(ProjectConfigurationPlatforms) = postSolution
		{82FF28C0-3BC5-4AFF-A7FF-15D3C87B0FBB}.Debug|Any CPU.ActiveCfg = Debug|Any CPU
		{82FF28C0-3BC5-4AFF-A7FF-15D3C87B0FBB}.Debug|Any CPU.Build.0 = Debug|Any CPU
		{82FF28C0-3BC5-4AFF-A7FF-15D3C87B0FBB}.Release|Any CPU.ActiveCfg = Release|Any CPU
		{82FF28C0-3BC5-4AFF-A7FF-15D3C87B0FBB}.Release|Any CPU.Build.0 = Release|Any CPU
	EndGlobalSection
	GlobalSection(SolutionProperties) = preSolution
		HideSolutionNode = FALSE
	EndGlobalSection
	GlobalSection(ExtensibilityGlobals) = postSolution
		SolutionGuid = {AC517B68-891A-43BE-91B7-F0CFE63EED88}
	EndGlobalSection
EndGlobal
